
Microsoft Visual Studio Solution File, Format Version 12.00
# Visual Studio Version 16
VisualStudioVersion = 25.0.1700.1
MinimumVisualStudioVersion = 10.0.40219.1
Project("{FAE04EC0-301F-11D3-BF4B-00C04F79EFBC}") = "DropboxReads", "DropboxReads\DropboxReads.csproj", "{94F4F7D5-5DF5-42A9-8DA7-39046D20A600}"
EndProject
Global
	GlobalSection(SolutionConfigurationPlatforms) = preSolution
		Debug|Any CPU = Debug|Any CPU
		Release|Any CPU = Release|Any CPU
	EndGlobalSection
	GlobalSection(ProjectConfigurationPlatforms) = postSolution
		{94F4F7D5-5DF5-42A9-8DA7-39046D20A600}.Debug|Any CPU.ActiveCfg = Debug|Any CPU
		{94F4F7D5-5DF5-42A9-8DA7-39046D20A600}.Debug|Any CPU.Build.0 = Debug|Any CPU
		{94F4F7D5-5DF5-42A9-8DA7-39046D20A600}.Release|Any CPU.ActiveCfg = Release|Any CPU
		{94F4F7D5-5DF5-42A9-8DA7-39046D20A600}.Release|Any CPU.Build.0 = Release|Any CPU
	EndGlobalSection
	GlobalSection(SolutionProperties) = preSolution
		HideSolutionNode = FALSE
	EndGlobalSection
	GlobalSection(ExtensibilityGlobals) = postSolution
		SolutionGuid = {7E374BBF-DB8C-450F-80FF-E154BADE05E0}
	EndGlobalSection
EndGlobal
